
Microsoft Visual Studio Solution File, Format Version 12.00
# Visual Studio Version 16
VisualStudioVersion = 16.0.29503.13
MinimumVisualStudioVersion = 10.0.40219.1
Project("{FAE04EC0-301F-11D3-BF4B-00C04F79EFBC}") = "WebNet", "WebNet\WebNet.csproj", "{58F32627-A58F-494D-896C-FF832AA8EC2C}"
EndProject
Project("{FAE04EC0-301F-11D3-BF4B-00C04F79EFBC}") = "Test", "Test\Test.csproj", "{88FE1D40-4A9C-4E24-BA44-9218445403A6}"
EndProject
Global
	GlobalSection(SolutionConfigurationPlatforms) = preSolution
		Debug|Any CPU = Debug|Any CPU
		Release|Any CPU = Release|Any CPU
	EndGlobalSection
	GlobalSection(ProjectConfigurationPlatforms) = postSolution
		{58F32627-A58F-494D-896C-FF832AA8EC2C}.Debug|Any CPU.ActiveCfg = Debug|Any CPU
		{58F32627-A58F-494D-896C-FF832AA8EC2C}.Debug|Any CPU.Build.0 = Debug|Any CPU
		{58F32627-A58F-494D-896C-FF832AA8EC2C}.Release|Any CPU.ActiveCfg = Release|Any CPU
		{58F32627-A58F-494D-896C-FF832AA8EC2C}.Release|Any CPU.Build.0 = Release|Any CPU
		{88FE1D40-4A9C-4E24-BA44-9218445403A6}.Debug|Any CPU.ActiveCfg = Debug|Any CPU
		{88FE1D40-4A9C-4E24-BA44-9218445403A6}.Debug|Any CPU.Build.0 = Debug|Any CPU
		{88FE1D40-4A9C-4E24-BA44-9218445403A6}.Release|Any CPU.ActiveCfg = Release|Any CPU
		{88FE1D40-4A9C-4E24-BA44-9218445403A6}.Release|Any CPU.Build.0 = Release|Any CPU
	EndGlobalSection
	GlobalSection(SolutionProperties) = preSolution
		HideSolutionNode = FALSE
	EndGlobalSection
	GlobalSection(ExtensibilityGlobals) = postSolution
		SolutionGuid = {452D38A9-C999-40B6-90CA-7657791BC145}
	EndGlobalSection
EndGlobal
